packages:
  cva6:
    revision: 3fddb6e5814604c7ec49e4320de0037292346c63
    version: null
    source:
      Git: https://github.com/pulp-platform/cva6.git
    dependencies:
    - axi
    - common_cells
    - fpnew
    - tech_cells_generic
  apb:
    revision: 77ddf073f194d44b9119949d2421be59789e69ae
    version: 0.2.4
    source:
      Git: https://github.com/pulp-platform/apb.git
    dependencies:
    - common_cells
  axi:
    revision: null
    version: null
    source:
      Path: hardware/deps/axi
    dependencies:
    - common_cells
    - common_verification
  common_cells:
    revision: null
    version: null
    source:
      Path: hardware/deps/common_cells
    dependencies:
    - common_verification
    - tech_cells_generic
  common_verification:
    revision: null
    version: null
    source:
      Path: hardware/deps/common_verification
    dependencies: []
  fpnew:
    revision: 3116391bf66660f806b45e212b9949c528b4e270
    version: 0.7.0
    source:
      Git: https://github.com/openhwgroup/cvfpu.git
    dependencies:
    - common_cells
    - fpu_div_sqrt_mvp
  fpu_div_sqrt_mvp:
    revision: 86e1f558b3c95e91577c41b2fc452c86b04e85ac
    version: 1.0.4
    source:
      Git: https://github.com/pulp-platform/fpu_div_sqrt_mvp.git
    dependencies:
    - common_cells
  tech_cells_generic:
    revision: null
    version: null
    source:
      Path: hardware/deps/tech_cells_generic
    dependencies:
    - common_verification
