---
packages:
  axi:
    revision: b7d2b0b629dc2bf44789f7e993f757bfc7961b3f
    version: ~
    source:
      Git: "https://github.com/pulp-platform/axi.git"
    dependencies:
      - common_cells
      - common_verification
      - tech_cells_generic
  common_cells:
    revision: 6aeee85d0a34fedc06c14f04fd6363c9f7b4eeea
    version: 1.21.0
    source:
      Git: "https://github.com/pulp-platform/common_cells.git"
    dependencies:
      - common_verification
      - tech_cells_generic
  common_verification:
    revision: 6fc76fb013315af9fabbb90b431863d498df2d6d
    version: 0.2.0
    source:
      Git: "https://github.com/pulp-platform/common_verification.git"
    dependencies: []
  cva6:
    revision: 91e6745380ccd371b2b346e5c9382cf45c6413d3
    version: ~
    source:
      Git: "https://github.com/pulp-platform/cva6.git"
    dependencies: []
  tech_cells_generic:
    revision: 203038f857158ae4634c47ce0281f402cc2a1344
    version: 0.2.4
    source:
      Git: "https://github.com/pulp-platform/tech_cells_generic.git"
    dependencies:
      - common_verification