packages:
  apb:
    revision: 77ddf073f194d44b9119949d2421be59789e69ae
    version: 0.2.4
    source:
      Git: https://github.com/pulp-platform/apb.git
    dependencies:
    - common_cells
  ariane:
    revision: b4beb74e3202d2d2825c1c9407e75731015ea93c
    version: null
    source:
      Git: https://github.com/Fzurbonsen/cva6.git
    dependencies:
    - axi
    - common_cells
    - fpnew
    - tech_cells_generic
  axi:
    revision: 9402c8a9ce0a7b5253c3c29e788612d771e8b5d6
    version: 0.39.3
    source:
      Git: https://github.com/pulp-platform/axi.git
    dependencies:
    - common_cells
    - common_verification
    - tech_cells_generic
  common_cells:
    revision: 0d67563b6b592549542544f1abc0f43e5d4ee8b4
    version: 1.35.0
    source:
      Git: https://github.com/pulp-platform/common_cells.git
    dependencies:
    - common_verification
    - tech_cells_generic
  common_verification:
    revision: 9c07fa860593b2caabd9b5681740c25fac04b878
    version: 0.2.3
    source:
      Git: https://github.com/pulp-platform/common_verification.git
    dependencies: []
  fpnew:
    revision: 3116391bf66660f806b45e212b9949c528b4e270
    version: 0.7.0
    source:
      Git: https://github.com/openhwgroup/cvfpu.git
    dependencies:
    - common_cells
    - fpu_div_sqrt_mvp
  fpu_div_sqrt_mvp:
    revision: 86e1f558b3c95e91577c41b2fc452c86b04e85ac
    version: 1.0.4
    source:
      Git: https://github.com/pulp-platform/fpu_div_sqrt_mvp.git
    dependencies:
    - common_cells
  tech_cells_generic:
    revision: 7968dd6e6180df2c644636bc6d2908a49f2190cf
    version: 0.2.13
    source:
      Git: https://github.com/pulp-platform/tech_cells_generic.git
    dependencies:
    - common_verification
